
Microsoft Visual Studio Solution File, Format Version 12.00
# Visual Studio Version 17
VisualStudioVersion = 17.8.34511.84
MinimumVisualStudioVersion = 10.0.40219.1
Project("{FAE04EC0-301F-11D3-BF4B-00C04F79EFBC}") = "registro_alumno.UWP", "registro_alumno.UWP\registro_alumno.UWP.csproj", "{5854458B-2471-4DB0-96C2-A0E75F12B089}"
EndProject
Project("{FAE04EC0-301F-11D3-BF4B-00C04F79EFBC}") = "registro_alumno.Android", "registro_alumno.Android\registro_alumno.Android.csproj", "{1373ECB9-53A1-440C-9EBB-4599D8ECFE46}"
EndProject
Project("{FAE04EC0-301F-11D3-BF4B-00C04F79EFBC}") = "registro_alumno.iOS", "registro_alumno.iOS\registro_alumno.iOS.csproj", "{C87CA584-A957-4544-BEE1-46F29ACE12F5}"
EndProject
Project("{FAE04EC0-301F-11D3-BF4B-00C04F79EFBC}") = "registro_alumno", "registro_alumno\registro_alumno.csproj", "{FF309B81-8DBA-4BEE-8176-A08B4097DC7C}"
EndProject
Global
	GlobalSection(SolutionConfigurationPlatforms) = preSolution
		Debug|Any CPU = Debug|Any CPU
		Debug|ARM = Debug|ARM
		Debug|iPhone = Debug|iPhone
		Debug|iPhoneSimulator = Debug|iPhoneSimulator
		Debug|x64 = Debug|x64
		Debug|x86 = Debug|x86
		Release|Any CPU = Release|Any CPU
		Release|ARM = Release|ARM
		Release|iPhone = Release|iPhone
		Release|iPhoneSimulator = Release|iPhoneSimulator
		Release|x64 = Release|x64
		Release|x86 = Release|x86
	EndGlobalSection
	GlobalSection(ProjectConfigurationPlatforms) = postSolution
		{5854458B-2471-4DB0-96C2-A0E75F12B089}.Debug|Any CPU.ActiveCfg = Debug|x64
		{5854458B-2471-4DB0-96C2-A0E75F12B089}.Debug|ARM.ActiveCfg = Debug|ARM
		{5854458B-2471-4DB0-96C2-A0E75F12B089}.Debug|ARM.Build.0 = Debug|ARM
		{5854458B-2471-4DB0-96C2-A0E75F12B089}.Debug|ARM.Deploy.0 = Debug|ARM
		{5854458B-2471-4DB0-96C2-A0E75F12B089}.Debug|iPhone.ActiveCfg = Debug|x64
		{5854458B-2471-4DB0-96C2-A0E75F12B089}.Debug|iPhoneSimulator.ActiveCfg = Debug|x64
		{5854458B-2471-4DB0-96C2-A0E75F12B089}.Debug|x64.ActiveCfg = Debug|x64
		{5854458B-2471-4DB0-96C2-A0E75F12B089}.Debug|x64.Build.0 = Debug|x64
		{5854458B-2471-4DB0-96C2-A0E75F12B089}.Debug|x64.Deploy.0 = Debug|x64
		{5854458B-2471-4DB0-96C2-A0E75F12B089}.Debug|x86.ActiveCfg = Debug|x86
		{5854458B-2471-4DB0-96C2-A0E75F12B089}.Debug|x86.Build.0 = Debug|x86
		{5854458B-2471-4DB0-96C2-A0E75F12B089}.Debug|x86.Deploy.0 = Debug|x86
		{5854458B-2471-4DB0-96C2-A0E75F12B089}.Release|Any CPU.ActiveCfg = Release|x64
		{5854458B-2471-4DB0-96C2-A0E75F12B089}.Release|ARM.ActiveCfg = Release|ARM
		{5854458B-2471-4DB0-96C2-A0E75F12B089}.Release|ARM.Build.0 = Release|ARM
		{5854458B-2471-4DB0-96C2-A0E75F12B089}.Release|ARM.Deploy.0 = Release|ARM
		{5854458B-2471-4DB0-96C2-A0E75F12B089}.Release|iPhone.ActiveCfg = Release|x64
		{5854458B-2471-4DB0-96C2-A0E75F12B089}.Release|iPhoneSimulator.ActiveCfg = Release|x64
		{5854458B-2471-4DB0-96C2-A0E75F12B089}.Release|x64.ActiveCfg = Release|x64
		{5854458B-2471-4DB0-96C2-A0E75F12B089}.Release|x64.Build.0 = Release|x64
		{5854458B-2471-4DB0-96C2-A0E75F12B089}.Release|x64.Deploy.0 = Release|x64
		{5854458B-2471-4DB0-96C2-A0E75F12B089}.Release|x86.ActiveCfg = Release|x86
		{5854458B-2471-4DB0-96C2-A0E75F12B089}.Release|x86.Build.0 = Release|x86
		{5854458B-2471-4DB0-96C2-A0E75F12B089}.Release|x86.Deploy.0 = Release|x86
		{1373ECB9-53A1-440C-9EBB-4599D8ECFE46}.Debug|Any CPU.ActiveCfg = Debug|Any CPU
		{1373ECB9-53A1-440C-9EBB-4599D8ECFE46}.Debug|Any CPU.Build.0 = Debug|Any CPU
		{1373ECB9-53A1-440C-9EBB-4599D8ECFE46}.Debug|Any CPU.Deploy.0 = Debug|Any CPU
		{1373ECB9-53A1-440C-9EBB-4599D8ECFE46}.Debug|ARM.ActiveCfg = Debug|Any CPU
		{1373ECB9-53A1-440C-9EBB-4599D8ECFE46}.Debug|ARM.Build.0 = Debug|Any CPU
		{1373ECB9-53A1-440C-9EBB-4599D8ECFE46}.Debug|ARM.Deploy.0 = Debug|Any CPU
		{1373ECB9-53A1-440C-9EBB-4599D8ECFE46}.Debug|iPhone.ActiveCfg = Debug|Any CPU
		{1373ECB9-53A1-440C-9EBB-4599D8ECFE46}.Debug|iPhone.Build.0 = Debug|Any CPU
		{1373ECB9-53A1-440C-9EBB-4599D8ECFE46}.Debug|iPhone.Deploy.0 = Debug|Any CPU
		{1373ECB9-53A1-440C-9EBB-4599D8ECFE46}.Debug|iPhoneSimulator.ActiveCfg = Debug|Any CPU
		{1373ECB9-53A1-440C-9EBB-4599D8ECFE46}.Debug|iPhoneSimulator.Build.0 = Debug|Any CPU
		{1373ECB9-53A1-440C-9EBB-4599D8ECFE46}.Debug|iPhoneSimulator.Deploy.0 = Debug|Any CPU
		{1373ECB9-53A1-440C-9EBB-4599D8ECFE46}.Debug|x64.ActiveCfg = Debug|Any CPU
		{1373ECB9-53A1-440C-9EBB-4599D8ECFE46}.Debug|x64.Build.0 = Debug|Any CPU
		{1373ECB9-53A1-440C-9EBB-4599D8ECFE46}.Debug|x64.Deploy.0 = Debug|Any CPU
		{1373ECB9-53A1-440C-9EBB-4599D8ECFE46}.Debug|x86.ActiveCfg = Debug|Any CPU
		{1373ECB9-53A1-440C-9EBB-4599D8ECFE46}.Debug|x86.Build.0 = Debug|Any CPU
		{1373ECB9-53A1-440C-9EBB-4599D8ECFE46}.Debug|x86.Deploy.0 = Debug|Any CPU
		{1373ECB9-53A1-440C-9EBB-4599D8ECFE46}.Release|Any CPU.ActiveCfg = Release|Any CPU
		{1373ECB9-53A1-440C-9EBB-4599D8ECFE46}.Release|Any CPU.Build.0 = Release|Any CPU
		{1373ECB9-53A1-440C-9EBB-4599D8ECFE46}.Release|Any CPU.Deploy.0 = Release|Any CPU
		{1373ECB9-53A1-440C-9EBB-4599D8ECFE46}.Release|ARM.ActiveCfg = Release|Any CPU
		{1373ECB9-53A1-440C-9EBB-4599D8ECFE46}.Release|ARM.Build.0 = Release|Any CPU
		{1373ECB9-53A1-440C-9EBB-4599D8ECFE46}.Release|ARM.Deploy.0 = Release|Any CPU
		{1373ECB9-53A1-440C-9EBB-4599D8ECFE46}.Release|iPhone.ActiveCfg = Release|Any CPU
		{1373ECB9-53A1-440C-9EBB-4599D8ECFE46}.Release|iPhone.Build.0 = Release|Any CPU
		{1373ECB9-53A1-440C-9EBB-4599D8ECFE46}.Release|iPhone.Deploy.0 = Release|Any CPU
		{1373ECB9-53A1-440C-9EBB-4599D8ECFE46}.Release|iPhoneSimulator.ActiveCfg = Release|Any CPU
		{1373ECB9-53A1-440C-9EBB-4599D8ECFE46}.Release|iPhoneSimulator.Build.0 = Release|Any CPU
		{1373ECB9-53A1-440C-9EBB-4599D8ECFE46}.Release|iPhoneSimulator.Deploy.0 = Release|Any CPU
		{1373ECB9-53A1-440C-9EBB-4599D8ECFE46}.Release|x64.ActiveCfg = Release|Any CPU
		{1373ECB9-53A1-440C-9EBB-4599D8ECFE46}.Release|x64.Build.0 = Release|Any CPU
		{1373ECB9-53A1-440C-9EBB-4599D8ECFE46}.Release|x64.Deploy.0 = Release|Any CPU
		{1373ECB9-53A1-440C-9EBB-4599D8ECFE46}.Release|x86.ActiveCfg = Release|Any CPU
		{1373ECB9-53A1-440C-9EBB-4599D8ECFE46}.Release|x86.Build.0 = Release|Any CPU
		{1373ECB9-53A1-440C-9EBB-4599D8ECFE46}.Release|x86.Deploy.0 = Release|Any CPU
		{C87CA584-A957-4544-BEE1-46F29ACE12F5}.Debug|Any CPU.ActiveCfg = Debug|iPhoneSimulator
		{C87CA584-A957-4544-BEE1-46F29ACE12F5}.Debug|Any CPU.Build.0 = Debug|iPhoneSimulator
		{C87CA584-A957-4544-BEE1-46F29ACE12F5}.Debug|Any CPU.Deploy.0 = Debug|iPhoneSimulator
		{C87CA584-A957-4544-BEE1-46F29ACE12F5}.Debug|ARM.ActiveCfg = Debug|iPhoneSimulator
		{C87CA584-A957-4544-BEE1-46F29ACE12F5}.Debug|ARM.Build.0 = Debug|iPhoneSimulator
		{C87CA584-A957-4544-BEE1-46F29ACE12F5}.Debug|ARM.Deploy.0 = Debug|iPhoneSimulator
		{C87CA584-A957-4544-BEE1-46F29ACE12F5}.Debug|iPhone.ActiveCfg = Debug|iPhone
		{C87CA584-A957-4544-BEE1-46F29ACE12F5}.Debug|iPhone.Build.0 = Debug|iPhone
		{C87CA584-A957-4544-BEE1-46F29ACE12F5}.Debug|iPhone.Deploy.0 = Debug|iPhone
		{C87CA584-A957-4544-BEE1-46F29ACE12F5}.Debug|iPhoneSimulator.ActiveCfg = Debug|iPhoneSimulator
		{C87CA584-A957-4544-BEE1-46F29ACE12F5}.Debug|iPhoneSimulator.Build.0 = Debug|iPhoneSimulator
		{C87CA584-A957-4544-BEE1-46F29ACE12F5}.Debug|iPhoneSimulator.Deploy.0 = Debug|iPhoneSimulator
		{C87CA584-A957-4544-BEE1-46F29ACE12F5}.Debug|x64.ActiveCfg = Debug|iPhone
		{C87CA584-A957-4544-BEE1-46F29ACE12F5}.Debug|x64.Build.0 = Debug|iPhone
		{C87CA584-A957-4544-BEE1-46F29ACE12F5}.Debug|x64.Deploy.0 = Debug|iPhone
		{C87CA584-A957-4544-BEE1-46F29ACE12F5}.Debug|x86.ActiveCfg = Debug|iPhoneSimulator
		{C87CA584-A957-4544-BEE1-46F29ACE12F5}.Debug|x86.Build.0 = Debug|iPhoneSimulator
		{C87CA584-A957-4544-BEE1-46F29ACE12F5}.Debug|x86.Deploy.0 = Debug|iPhoneSimulator
		{C87CA584-A957-4544-BEE1-46F29ACE12F5}.Release|Any CPU.ActiveCfg = Release|iPhoneSimulator
		{C87CA584-A957-4544-BEE1-46F29ACE12F5}.Release|Any CPU.Build.0 = Release|iPhoneSimulator
		{C87CA584-A957-4544-BEE1-46F29ACE12F5}.Release|Any CPU.Deploy.0 = Release|iPhoneSimulator
		{C87CA584-A957-4544-BEE1-46F29ACE12F5}.Release|ARM.ActiveCfg = Release|iPhoneSimulator
		{C87CA584-A957-4544-BEE1-46F29ACE12F5}.Release|ARM.Build.0 = Release|iPhoneSimulator
		{C87CA584-A957-4544-BEE1-46F29ACE12F5}.Release|ARM.Deploy.0 = Release|iPhoneSimulator
		{C87CA584-A957-4544-BEE1-46F29ACE12F5}.Release|iPhone.ActiveCfg = Release|iPhone
		{C87CA584-A957-4544-BEE1-46F29ACE12F5}.Release|iPhone.Build.0 = Release|iPhone
		{C87CA584-A957-4544-BEE1-46F29ACE12F5}.Release|iPhone.Deploy.0 = Release|iPhone
		{C87CA584-A957-4544-BEE1-46F29ACE12F5}.Release|iPhoneSimulator.ActiveCfg = Release|iPhoneSimulator
		{C87CA584-A957-4544-BEE1-46F29ACE12F5}.Release|iPhoneSimulator.Build.0 = Release|iPhoneSimulator
		{C87CA584-A957-4544-BEE1-46F29ACE12F5}.Release|iPhoneSimulator.Deploy.0 = Release|iPhoneSimulator
		{C87CA584-A957-4544-BEE1-46F29ACE12F5}.Release|x64.ActiveCfg = Release|iPhoneSimulator
		{C87CA584-A957-4544-BEE1-46F29ACE12F5}.Release|x64.Build.0 = Release|iPhoneSimulator
		{C87CA584-A957-4544-BEE1-46F29ACE12F5}.Release|x64.Deploy.0 = Release|iPhoneSimulator
		{C87CA584-A957-4544-BEE1-46F29ACE12F5}.Release|x86.ActiveCfg = Release|iPhoneSimulator
		{C87CA584-A957-4544-BEE1-46F29ACE12F5}.Release|x86.Build.0 = Release|iPhoneSimulator
		{C87CA584-A957-4544-BEE1-46F29ACE12F5}.Release|x86.Deploy.0 = Release|iPhoneSimulator
		{FF309B81-8DBA-4BEE-8176-A08B4097DC7C}.Debug|Any CPU.ActiveCfg = Debug|Any CPU
		{FF309B81-8DBA-4BEE-8176-A08B4097DC7C}.Debug|Any CPU.Build.0 = Debug|Any CPU
		{FF309B81-8DBA-4BEE-8176-A08B4097DC7C}.Debug|Any CPU.Deploy.0 = Debug|Any CPU
		{FF309B81-8DBA-4BEE-8176-A08B4097DC7C}.Debug|ARM.ActiveCfg = Debug|Any CPU
		{FF309B81-8DBA-4BEE-8176-A08B4097DC7C}.Debug|ARM.Build.0 = Debug|Any CPU
		{FF309B81-8DBA-4BEE-8176-A08B4097DC7C}.Debug|ARM.Deploy.0 = Debug|Any CPU
		{FF309B81-8DBA-4BEE-8176-A08B4097DC7C}.Debug|iPhone.ActiveCfg = Debug|Any CPU
		{FF309B81-8DBA-4BEE-8176-A08B4097DC7C}.Debug|iPhone.Build.0 = Debug|Any CPU
		{FF309B81-8DBA-4BEE-8176-A08B4097DC7C}.Debug|iPhone.Deploy.0 = Debug|Any CPU
		{FF309B81-8DBA-4BEE-8176-A08B4097DC7C}.Debug|iPhoneSimulator.ActiveCfg = Debug|Any CPU
		{FF309B81-8DBA-4BEE-8176-A08B4097DC7C}.Debug|iPhoneSimulator.Build.0 = Debug|Any CPU
		{FF309B81-8DBA-4BEE-8176-A08B4097DC7C}.Debug|iPhoneSimulator.Deploy.0 = Debug|Any CPU
		{FF309B81-8DBA-4BEE-8176-A08B4097DC7C}.Debug|x64.ActiveCfg = Debug|Any CPU
		{FF309B81-8DBA-4BEE-8176-A08B4097DC7C}.Debug|x64.Build.0 = Debug|Any CPU
		{FF309B81-8DBA-4BEE-8176-A08B4097DC7C}.Debug|x64.Deploy.0 = Debug|Any CPU
		{FF309B81-8DBA-4BEE-8176-A08B4097DC7C}.Debug|x86.ActiveCfg = Debug|Any CPU
		{FF309B81-8DBA-4BEE-8176-A08B4097DC7C}.Debug|x86.Build.0 = Debug|Any CPU
		{FF309B81-8DBA-4BEE-8176-A08B4097DC7C}.Debug|x86.Deploy.0 = Debug|Any CPU
		{FF309B81-8DBA-4BEE-8176-A08B4097DC7C}.Release|Any CPU.ActiveCfg = Release|Any CPU
		{FF309B81-8DBA-4BEE-8176-A08B4097DC7C}.Release|Any CPU.Build.0 = Release|Any CPU
		{FF309B81-8DBA-4BEE-8176-A08B4097DC7C}.Release|Any CPU.Deploy.0 = Release|Any CPU
		{FF309B81-8DBA-4BEE-8176-A08B4097DC7C}.Release|ARM.ActiveCfg = Release|Any CPU
		{FF309B81-8DBA-4BEE-8176-A08B4097DC7C}.Release|ARM.Build.0 = Release|Any CPU
		{FF309B81-8DBA-4BEE-8176-A08B4097DC7C}.Release|ARM.Deploy.0 = Release|Any CPU
		{FF309B81-8DBA-4BEE-8176-A08B4097DC7C}.Release|iPhone.ActiveCfg = Release|Any CPU
		{FF309B81-8DBA-4BEE-8176-A08B4097DC7C}.Release|iPhone.Build.0 = Release|Any CPU
		{FF309B81-8DBA-4BEE-8176-A08B4097DC7C}.Release|iPhone.Deploy.0 = Release|Any CPU
		{FF309B81-8DBA-4BEE-8176-A08B4097DC7C}.Release|iPhoneSimulator.ActiveCfg = Release|Any CPU
		{FF309B81-8DBA-4BEE-8176-A08B4097DC7C}.Release|iPhoneSimulator.Build.0 = Release|Any CPU
		{FF309B81-8DBA-4BEE-8176-A08B4097DC7C}.Release|iPhoneSimulator.Deploy.0 = Release|Any CPU
		{FF309B81-8DBA-4BEE-8176-A08B4097DC7C}.Release|x64.ActiveCfg = Release|Any CPU
		{FF309B81-8DBA-4BEE-8176-A08B4097DC7C}.Release|x64.Build.0 = Release|Any CPU
		{FF309B81-8DBA-4BEE-8176-A08B4097DC7C}.Release|x64.Deploy.0 = Release|Any CPU
		{FF309B81-8DBA-4BEE-8176-A08B4097DC7C}.Release|x86.ActiveCfg = Release|Any CPU
		{FF309B81-8DBA-4BEE-8176-A08B4097DC7C}.Release|x86.Build.0 = Release|Any CPU
		{FF309B81-8DBA-4BEE-8176-A08B4097DC7C}.Release|x86.Deploy.0 = Release|Any CPU
	EndGlobalSection
	GlobalSection(SolutionProperties) = preSolution
		HideSolutionNode = FALSE
	EndGlobalSection
	GlobalSection(ExtensibilityGlobals) = postSolution
		SolutionGuid = {16695365-9362-4DDF-9262-A9BED5733D5F}
	EndGlobalSection
EndGlobal
